
Microsoft Visual Studio Solution File, Format Version 12.00
# Visual Studio Version 17
VisualStudioVersion = 17.6.33829.357
MinimumVisualStudioVersion = 10.0.40219.1
Project("{9A19103F-16F7-4668-BE54-9A1E7A4F7556}") = "GameServer", "GameServer.csproj", "{C8EDD8B1-216B-4FF6-A494-11A24B8A9777}"
EndProject
Project("{9A19103F-16F7-4668-BE54-9A1E7A4F7556}") = "SharedLibrary", "..\SharedLibrary\SharedLibrary.csproj", "{8A924B1A-F292-4632-9083-1E3FFF756724}"
EndProject
Project("{9A19103F-16F7-4668-BE54-9A1E7A4F7556}") = "LoginServer", "..\LoginServer\LoginServer.csproj", "{D1E49EDB-E582-4F0A-8588-D0F13C70571A}"
EndProject
Project("{FAE04EC0-301F-11D3-BF4B-00C04F79EFBC}") = "UnityServer", "..\UnityServer\UnityServer.csproj", "{6F33C0A7-5B19-4BAB-AB56-2C268B2F0A8C}"
EndProject
Global
	GlobalSection(SolutionConfigurationPlatforms) = preSolution
		Debug|Any CPU = Debug|Any CPU
		Release|Any CPU = Release|Any CPU
	EndGlobalSection
	GlobalSection(ProjectConfigurationPlatforms) = postSolution
		{C8EDD8B1-216B-4FF6-A494-11A24B8A9777}.Debug|Any CPU.ActiveCfg = Debug|Any CPU
		{C8EDD8B1-216B-4FF6-A494-11A24B8A9777}.Debug|Any CPU.Build.0 = Debug|Any CPU
		{C8EDD8B1-216B-4FF6-A494-11A24B8A9777}.Release|Any CPU.ActiveCfg = Release|Any CPU
		{C8EDD8B1-216B-4FF6-A494-11A24B8A9777}.Release|Any CPU.Build.0 = Release|Any CPU
		{8A924B1A-F292-4632-9083-1E3FFF756724}.Debug|Any CPU.ActiveCfg = Debug|Any CPU
		{8A924B1A-F292-4632-9083-1E3FFF756724}.Debug|Any CPU.Build.0 = Debug|Any CPU
		{8A924B1A-F292-4632-9083-1E3FFF756724}.Release|Any CPU.ActiveCfg = Release|Any CPU
		{8A924B1A-F292-4632-9083-1E3FFF756724}.Release|Any CPU.Build.0 = Release|Any CPU
		{D1E49EDB-E582-4F0A-8588-D0F13C70571A}.Debug|Any CPU.ActiveCfg = Debug|Any CPU
		{D1E49EDB-E582-4F0A-8588-D0F13C70571A}.Debug|Any CPU.Build.0 = Debug|Any CPU
		{D1E49EDB-E582-4F0A-8588-D0F13C70571A}.Release|Any CPU.ActiveCfg = Release|Any CPU
		{D1E49EDB-E582-4F0A-8588-D0F13C70571A}.Release|Any CPU.Build.0 = Release|Any CPU
		{6F33C0A7-5B19-4BAB-AB56-2C268B2F0A8C}.Debug|Any CPU.ActiveCfg = Debug|Any CPU
		{6F33C0A7-5B19-4BAB-AB56-2C268B2F0A8C}.Debug|Any CPU.Build.0 = Debug|Any CPU
		{6F33C0A7-5B19-4BAB-AB56-2C268B2F0A8C}.Release|Any CPU.ActiveCfg = Release|Any CPU
		{6F33C0A7-5B19-4BAB-AB56-2C268B2F0A8C}.Release|Any CPU.Build.0 = Release|Any CPU
	EndGlobalSection
	GlobalSection(SolutionProperties) = preSolution
		HideSolutionNode = FALSE
	EndGlobalSection
	GlobalSection(ExtensibilityGlobals) = postSolution
		SolutionGuid = {FB0A78E3-872D-45E2-9EBB-D56603BF739A}
	EndGlobalSection
EndGlobal
